// !$*UTF8*$!
{
	archiveVersion = 1;
	classes = {
	};
	objectVersion = 46;
	objects = {

/* Begin PBXBuildFile section */
		30D7AA051E8224080014838F /* RCTUmengShare.m in Sources */ = {isa = PBXBuildFile; fileRef = 30D7AA041E8224080014838F /* RCTUmengShare.m */; };
		30D7AA061E8224080014838F /* RCTUmengShare.h in CopyFiles */ = {isa = PBXBuildFile; fileRef = 30D7AA031E8224080014838F /* RCTUmengShare.h */; };
/* End PBXBuildFile section */

/* Begin PBXCopyFilesBuildPhase section */
		30D7A9FE1E8224080014838F /* CopyFiles */ = {
			isa = PBXCopyFilesBuildPhase;
			buildActionMask = 2147483647;
			dstPath = "include/$(PRODUCT_NAME)";
			dstSubfolderSpec = 16;
			files = (
				30D7AA061E8224080014838F /* RCTUmengShare.h in CopyFiles */,
			);
			runOnlyForDeploymentPostprocessing = 0;
		};
/* End PBXCopyFilesBuildPhase section */

/* Begin PBXFileReference section */
		30D7AA001E8224080014838F /* libRCTUmengShare.a */ = {isa = PBXFileReference; explicitFileType = archive.ar; includeInIndex = 0; path = libRCTUmengShare.a; sourceTree = BUILT_PRODUCTS_DIR; };
		30D7AA031E8224080014838F /* RCTUmengShare.h */ = {isa = PBXFileReference; lastKnownFileType = sourcecode.c.h; path = RCTUmengShare.h; sourceTree = "<group>"; };
		30D7AA041E8224080014838F /* RCTUmengShare.m */ = {isa = PBXFileReference; lastKnownFileType = sourcecode.c.objc; path = RCTUmengShare.m; sourceTree = "<group>"; };
/* End PBXFileReference section */

/* Begin PBXFrameworksBuildPhase section */
		30D7A9FD1E8224080014838F /* Frameworks */ = {
			isa = PBXFrameworksBuildPhase;
			buildActionMask = 2147483647;
			files = (
			);
			runOnlyForDeploymentPostprocessing = 0;
		};
/* End PBXFrameworksBuildPhase section */

/* Begin PBXGroup section */
		30D7A9F71E8224080014838F = {
			isa = PBXGroup;
			children = (
				30D7AA021E8224080014838F /* RCTUmengShare */,
				30D7AA011E8224080014838F /* Products */,
			);
			sourceTree = "<group>";
		};
		30D7AA011E8224080014838F /* Products */ = {
			isa = PBXGroup;
			children = (
				30D7AA001E8224080014838F /* libRCTUmengShare.a */,
			);
			name = Products;
			sourceTree = "<group>";
		};
		30D7AA021E8224080014838F /* RCTUmengShare */ = {
			isa = PBXGroup;
			children = (
				30D7AA031E8224080014838F /* RCTUmengShare.h */,
				30D7AA041E8224080014838F /* RCTUmengShare.m */,
			);
			path = RCTUmengShare;
			sourceTree = "<group>";
		};
/* End PBXGroup section */

/* Begin PBXNativeTarget section */
		30D7A9FF1E8224080014838F /* RCTUmengShare */ = {
			isa = PBXNativeTarget;
			buildConfigurationList = 30D7AA091E8224080014838F /* Build configuration list for PBXNativeTarget "RCTUmengShare" */;
			buildPhases = (
				30D7A9FC1E8224080014838F /* Sources */,
				30D7A9FD1E8224080014838F /* Frameworks */,
				30D7A9FE1E8224080014838F /* CopyFiles */,
			);
			buildRules = (
			);
			dependencies = (
			);
			name = RCTUmengShare;
			productName = RCTUmengShare;
			productReference = 30D7AA001E8224080014838F /* libRCTUmengShare.a */;
			productType = "com.apple.product-type.library.static";
		};
/* End PBXNativeTarget section */

/* Begin PBXProject section */
		30D7A9F81E8224080014838F /* Project object */ = {
			isa = PBXProject;
			attributes = {
				LastUpgradeCheck = 0820;
				ORGANIZATIONNAME = Magic;
				TargetAttributes = {
					30D7A9FF1E8224080014838F = {
						CreatedOnToolsVersion = 8.2.1;
						ProvisioningStyle = Automatic;
					};
				};
			};
			buildConfigurationList = 30D7A9FB1E8224080014838F /* Build configuration list for PBXProject "RCTUmengShare" */;
			compatibilityVersion = "Xcode 3.2";
			developmentRegion = English;
			hasScannedForEncodings = 0;
			knownRegions = (
				en,
			);
			mainGroup = 30D7A9F71E8224080014838F;
			productRefGroup = 30D7AA011E8224080014838F /* Products */;
			projectDirPath = "";
			projectRoot = "";
			targets = (
				30D7A9FF1E8224080014838F /* RCTUmengShare */,
			);
		};
/* End PBXProject section */

/* Begin PBXSourcesBuildPhase section */
		30D7A9FC1E8224080014838F /* Sources */ = {
			isa = PBXSourcesBuildPhase;
			buildActionMask = 2147483647;
			files = (
				30D7AA051E8224080014838F /* RCTUmengShare.m in Sources */,
			);
			runOnlyForDeploymentPostprocessing = 0;
		};
/* End PBXSourcesBuildPhase section */

/* Begin XCBuildConfiguration section */
		30D7AA071E8224080014838F /* Debug */ = {
			isa = XCBuildConfiguration;
			buildSettings = {
				ALWAYS_SEARCH_USER_PATHS = NO;
				CLANG_ANALYZER_NONNULL = YES;
				CLANG_CXX_LANGUAGE_STANDARD = "gnu++0x";
				CLANG_CXX_LIBRARY = "libc++";
				CLANG_ENABLE_MODULES = YES;
				CLANG_ENABLE_OBJC_ARC = YES;
				CLANG_WARN_BOOL_CONVERSION = YES;
				CLANG_WARN_CONSTANT_CONVERSION = YES;
				CLANG_WARN_DIRECT_OBJC_ISA_USAGE = YES_ERROR;
				CLANG_WARN_DOCUMENTATION_COMMENTS = YES;
				CLANG_WARN_EMPTY_BODY = YES;
				CLANG_WARN_ENUM_CONVERSION = YES;
				CLANG_WARN_INFINITE_RECURSION = YES;
				CLANG_WARN_INT_CONVERSION = YES;
				CLANG_WARN_OBJC_ROOT_CLASS = YES_ERROR;
				CLANG_WARN_SUSPICIOUS_MOVE = YES;
				CLANG_WARN_UNREACHABLE_CODE = YES;
				CLANG_WARN__DUPLICATE_METHOD_MATCH = YES;
				"CODE_SIGN_IDENTITY[sdk=iphoneos*]" = "iPhone Developer";
				COPY_PHASE_STRIP = NO;
				DEBUG_INFORMATION_FORMAT = dwarf;
				ENABLE_STRICT_OBJC_MSGSEND = YES;
				ENABLE_TESTABILITY = YES;
				GCC_C_LANGUAGE_STANDARD = gnu99;
				GCC_DYNAMIC_NO_PIC = NO;
				GCC_NO_COMMON_BLOCKS = YES;
				GCC_OPTIMIZATION_LEVEL = 0;
				GCC_PREPROCESSOR_DEFINITIONS = (
					"DEBUG=1",
					"$(inherited)",
				);
				GCC_WARN_64_TO_32_BIT_CONVERSION = YES;
				GCC_WARN_ABOUT_RETURN_TYPE = YES_ERROR;
				GCC_WARN_UNDECLARED_SELECTOR = YES;
				GCC_WARN_UNINITIALIZED_AUTOS = YES_AGGRESSIVE;
				GCC_WARN_UNUSED_FUNCTION = YES;
				GCC_WARN_UNUSED_VARIABLE = YES;
				IPHONEOS_DEPLOYMENT_TARGET = 10.2;
				MTL_ENABLE_DEBUG_INFO = YES;
				ONLY_ACTIVE_ARCH = YES;
				SDKROOT = iphoneos;
			};
			name = Debug;
		};
		30D7AA081E8224080014838F /* Release */ = {
			isa = XCBuildConfiguration;
			buildSettings = {
				ALWAYS_SEARCH_USER_PATHS = NO;
				CLANG_ANALYZER_NONNULL = YES;
				CLANG_CXX_LANGUAGE_STANDARD = "gnu++0x";
				CLANG_CXX_LIBRARY = "libc++";
				CLANG_ENABLE_MODULES = YES;
				CLANG_ENABLE_OBJC_ARC = YES;
				CLANG_WARN_BOOL_CONVERSION = YES;
				CLANG_WARN_CONSTANT_CONVERSION = YES;
				CLANG_WARN_DIRECT_OBJC_ISA_USAGE = YES_ERROR;
				CLANG_WARN_DOCUMENTATION_COMMENTS = YES;
				CLANG_WARN_EMPTY_BODY = YES;
				CLANG_WARN_ENUM_CONVERSION = YES;
				CLANG_WARN_INFINITE_RECURSION = YES;
				CLANG_WARN_INT_CONVERSION = YES;
				CLANG_WARN_OBJC_ROOT_CLASS = YES_ERROR;
				CLANG_WARN_SUSPICIOUS_MOVE = YES;
				CLANG_WARN_UNREACHABLE_CODE = YES;
				CLANG_WARN__DUPLICATE_METHOD_MATCH = YES;
				"CODE_SIGN_IDENTITY[sdk=iphoneos*]" = "iPhone Developer";
				COPY_PHASE_STRIP = NO;
				DEBUG_INFORMATION_FORMAT = "dwarf-with-dsym";
				ENABLE_NS_ASSERTIONS = NO;
				ENABLE_STRICT_OBJC_MSGSEND = YES;
				GCC_C_LANGUAGE_STANDARD = gnu99;
				GCC_NO_COMMON_BLOCKS = YES;
				GCC_WARN_64_TO_32_BIT_CONVERSION = YES;
				GCC_WARN_ABOUT_RETURN_TYPE = YES_ERROR;
				GCC_WARN_UNDECLARED_SELECTOR = YES;
				GCC_WARN_UNINITIALIZED_AUTOS = YES_AGGRESSIVE;
				GCC_WARN_UNUSED_FUNCTION = YES;
				GCC_WARN_UNUSED_VARIABLE = YES;
				IPHONEOS_DEPLOYMENT_TARGET = 10.2;
				MTL_ENABLE_DEBUG_INFO = NO;
				SDKROOT = iphoneos;
				VALIDATE_PRODUCT = YES;
			};
			name = Release;
		};
		30D7AA0A1E8224080014838F /* Debug */ = {
			isa = XCBuildConfiguration;
			buildSettings = {
				OTHER_LDFLAGS = "-ObjC";
				PRODUCT_NAME = "$(TARGET_NAME)";
				SKIP_INSTALL = YES;
			};
			name = Debug;
		};
		30D7AA0B1E8224080014838F /* Release */ = {
			isa = XCBuildConfiguration;
			buildSettings = {
				OTHER_LDFLAGS = "-ObjC";
				PRODUCT_NAME = "$(TARGET_NAME)";
				SKIP_INSTALL = YES;
			};
			name = Release;
		};
/* End XCBuildConfiguration section */

/* Begin XCConfigurationList section */
		30D7A9FB1E8224080014838F /* Build configuration list for PBXProject "RCTUmengShare" */ = {
			isa = XCConfigurationList;
			buildConfigurations = (
				30D7AA071E8224080014838F /* Debug */,
				30D7AA081E8224080014838F /* Release */,
			);
			defaultConfigurationIsVisible = 0;
			defaultConfigurationName = Release;
		};
		30D7AA091E8224080014838F /* Build configuration list for PBXNativeTarget "RCTUmengShare" */ = {
			isa = XCConfigurationList;
			buildConfigurations = (
				30D7AA0A1E8224080014838F /* Debug */,
				30D7AA0B1E8224080014838F /* Release */,
			);
			defaultConfigurationIsVisible = 0;
		};
/* End XCConfigurationList section */
	};
	rootObject = 30D7A9F81E8224080014838F /* Project object */;
}
